
Microsoft Visual Studio Solution File, Format Version 12.00
# Visual Studio 2012
Project("{FAE04EC0-301F-11D3-BF4B-00C04F79EFBC}") = "Clifton.WebServer", "Clifton.WebServer.csproj", "{34BA120B-8D01-4DC0-B841-2AE17A8B5258}"
EndProject
Project("{FAE04EC0-301F-11D3-BF4B-00C04F79EFBC}") = "ConsoleWebServer", "..\ConsoleWebServer\ConsoleWebServer.csproj", "{E16EBE2D-6D78-4D14-AE10-3ED516AFF8F8}"
EndProject
Global
	GlobalSection(SolutionConfigurationPlatforms) = preSolution
		Debug|Any CPU = Debug|Any CPU
		Release|Any CPU = Release|Any CPU
	EndGlobalSection
	GlobalSection(ProjectConfigurationPlatforms) = postSolution
		{34BA120B-8D01-4DC0-B841-2AE17A8B5258}.Debug|Any CPU.ActiveCfg = Debug|Any CPU
		{34BA120B-8D01-4DC0-B841-2AE17A8B5258}.Debug|Any CPU.Build.0 = Debug|Any CPU
		{34BA120B-8D01-4DC0-B841-2AE17A8B5258}.Release|Any CPU.ActiveCfg = Release|Any CPU
		{34BA120B-8D01-4DC0-B841-2AE17A8B5258}.Release|Any CPU.Build.0 = Release|Any CPU
		{E16EBE2D-6D78-4D14-AE10-3ED516AFF8F8}.Debug|Any CPU.ActiveCfg = Debug|Any CPU
		{E16EBE2D-6D78-4D14-AE10-3ED516AFF8F8}.Debug|Any CPU.Build.0 = Debug|Any CPU
		{E16EBE2D-6D78-4D14-AE10-3ED516AFF8F8}.Release|Any CPU.ActiveCfg = Release|Any CPU
		{E16EBE2D-6D78-4D14-AE10-3ED516AFF8F8}.Release|Any CPU.Build.0 = Release|Any CPU
	EndGlobalSection
	GlobalSection(SolutionProperties) = preSolution
		HideSolutionNode = FALSE
	EndGlobalSection
EndGlobal
